
Microsoft Visual Studio Solution File, Format Version 11.00
# Visual Studio 2010
Project("{8BC9CEB8-8B4A-11D0-8D11-00A0C91BC942}") = "ultraPlayer", "ultraPlayer\ultraPlayer.vcxproj", "{E6A7C37A-24D3-49D3-AF4F-FBD0E6ABCDE8}"
EndProject
Project("{FAE04EC0-301F-11D3-BF4B-00C04F79EFBC}") = "UltraPlayerController", "ultraPlayerCommander\UltraPlayerController.csproj", "{F4620A73-4245-4AA7-9666-9284BBCD9A27}"
	ProjectSection(ProjectDependencies) = postProject
		{F082BBEE-4DCA-460B-80D6-2876C80A5F09} = {F082BBEE-4DCA-460B-80D6-2876C80A5F09}
	EndProjectSection
EndProject
Project("{FAE04EC0-301F-11D3-BF4B-00C04F79EFBC}") = "Utilities", "..\..\..\libs\Utilities\Utilities\Utilities.csproj", "{F082BBEE-4DCA-460B-80D6-2876C80A5F09}"
EndProject
Global
	GlobalSection(SolutionConfigurationPlatforms) = preSolution
		Debug Controller|Any CPU = Debug Controller|Any CPU
		Debug Controller|Mixed Platforms = Debug Controller|Mixed Platforms
		Debug Controller|Win32 = Debug Controller|Win32
		Debug Controller|x64 = Debug Controller|x64
		Debug Player|Any CPU = Debug Player|Any CPU
		Debug Player|Mixed Platforms = Debug Player|Mixed Platforms
		Debug Player|Win32 = Debug Player|Win32
		Debug Player|x64 = Debug Player|x64
		Debug|Any CPU = Debug|Any CPU
		Debug|Mixed Platforms = Debug|Mixed Platforms
		Debug|Win32 = Debug|Win32
		Debug|x64 = Debug|x64
		Release Controller|Any CPU = Release Controller|Any CPU
		Release Controller|Mixed Platforms = Release Controller|Mixed Platforms
		Release Controller|Win32 = Release Controller|Win32
		Release Controller|x64 = Release Controller|x64
		Release Player|Any CPU = Release Player|Any CPU
		Release Player|Mixed Platforms = Release Player|Mixed Platforms
		Release Player|Win32 = Release Player|Win32
		Release Player|x64 = Release Player|x64
		Release|Any CPU = Release|Any CPU
		Release|Mixed Platforms = Release|Mixed Platforms
		Release|Win32 = Release|Win32
		Release|x64 = Release|x64
	EndGlobalSection
	GlobalSection(ProjectConfigurationPlatforms) = postSolution
		{E6A7C37A-24D3-49D3-AF4F-FBD0E6ABCDE8}.Debug Controller|Any CPU.ActiveCfg = Debug|Win32
		{E6A7C37A-24D3-49D3-AF4F-FBD0E6ABCDE8}.Debug Controller|Mixed Platforms.ActiveCfg = Debug|Win32
		{E6A7C37A-24D3-49D3-AF4F-FBD0E6ABCDE8}.Debug Controller|Win32.ActiveCfg = Debug|Win32
		{E6A7C37A-24D3-49D3-AF4F-FBD0E6ABCDE8}.Debug Controller|Win32.Build.0 = Debug|Win32
		{E6A7C37A-24D3-49D3-AF4F-FBD0E6ABCDE8}.Debug Controller|x64.ActiveCfg = Debug|Win32
		{E6A7C37A-24D3-49D3-AF4F-FBD0E6ABCDE8}.Debug Player|Any CPU.ActiveCfg = Debug|Win32
		{E6A7C37A-24D3-49D3-AF4F-FBD0E6ABCDE8}.Debug Player|Any CPU.Build.0 = Debug|Win32
		{E6A7C37A-24D3-49D3-AF4F-FBD0E6ABCDE8}.Debug Player|Mixed Platforms.ActiveCfg = Debug|Win32
		{E6A7C37A-24D3-49D3-AF4F-FBD0E6ABCDE8}.Debug Player|Mixed Platforms.Build.0 = Debug|Win32
		{E6A7C37A-24D3-49D3-AF4F-FBD0E6ABCDE8}.Debug Player|Win32.ActiveCfg = Debug|Win32
		{E6A7C37A-24D3-49D3-AF4F-FBD0E6ABCDE8}.Debug Player|Win32.Build.0 = Debug|Win32
		{E6A7C37A-24D3-49D3-AF4F-FBD0E6ABCDE8}.Debug Player|x64.ActiveCfg = Debug|Win32
		{E6A7C37A-24D3-49D3-AF4F-FBD0E6ABCDE8}.Debug Player|x64.Build.0 = Debug|Win32
		{E6A7C37A-24D3-49D3-AF4F-FBD0E6ABCDE8}.Debug|Any CPU.ActiveCfg = Debug|x64
		{E6A7C37A-24D3-49D3-AF4F-FBD0E6ABCDE8}.Debug|Mixed Platforms.ActiveCfg = Debug|x64
		{E6A7C37A-24D3-49D3-AF4F-FBD0E6ABCDE8}.Debug|Mixed Platforms.Build.0 = Debug|x64
		{E6A7C37A-24D3-49D3-AF4F-FBD0E6ABCDE8}.Debug|Win32.ActiveCfg = Debug|Win32
		{E6A7C37A-24D3-49D3-AF4F-FBD0E6ABCDE8}.Debug|Win32.Build.0 = Debug|Win32
		{E6A7C37A-24D3-49D3-AF4F-FBD0E6ABCDE8}.Debug|x64.ActiveCfg = Debug|x64
		{E6A7C37A-24D3-49D3-AF4F-FBD0E6ABCDE8}.Debug|x64.Build.0 = Debug|x64
		{E6A7C37A-24D3-49D3-AF4F-FBD0E6ABCDE8}.Release Controller|Any CPU.ActiveCfg = Release|Win32
		{E6A7C37A-24D3-49D3-AF4F-FBD0E6ABCDE8}.Release Controller|Mixed Platforms.ActiveCfg = Release|Win32
		{E6A7C37A-24D3-49D3-AF4F-FBD0E6ABCDE8}.Release Controller|Win32.ActiveCfg = Release|Win32
		{E6A7C37A-24D3-49D3-AF4F-FBD0E6ABCDE8}.Release Controller|Win32.Build.0 = Release|Win32
		{E6A7C37A-24D3-49D3-AF4F-FBD0E6ABCDE8}.Release Controller|x64.ActiveCfg = Release|Win32
		{E6A7C37A-24D3-49D3-AF4F-FBD0E6ABCDE8}.Release Player|Any CPU.ActiveCfg = Release|Win32
		{E6A7C37A-24D3-49D3-AF4F-FBD0E6ABCDE8}.Release Player|Any CPU.Build.0 = Release|Win32
		{E6A7C37A-24D3-49D3-AF4F-FBD0E6ABCDE8}.Release Player|Mixed Platforms.ActiveCfg = Release|Win32
		{E6A7C37A-24D3-49D3-AF4F-FBD0E6ABCDE8}.Release Player|Mixed Platforms.Build.0 = Release|Win32
		{E6A7C37A-24D3-49D3-AF4F-FBD0E6ABCDE8}.Release Player|Win32.ActiveCfg = Release|Win32
		{E6A7C37A-24D3-49D3-AF4F-FBD0E6ABCDE8}.Release Player|Win32.Build.0 = Release|Win32
		{E6A7C37A-24D3-49D3-AF4F-FBD0E6ABCDE8}.Release Player|x64.ActiveCfg = Release|Win32
		{E6A7C37A-24D3-49D3-AF4F-FBD0E6ABCDE8}.Release Player|x64.Build.0 = Release|Win32
		{E6A7C37A-24D3-49D3-AF4F-FBD0E6ABCDE8}.Release|Any CPU.ActiveCfg = Release|x64
		{E6A7C37A-24D3-49D3-AF4F-FBD0E6ABCDE8}.Release|Mixed Platforms.ActiveCfg = Release|x64
		{E6A7C37A-24D3-49D3-AF4F-FBD0E6ABCDE8}.Release|Mixed Platforms.Build.0 = Release|x64
		{E6A7C37A-24D3-49D3-AF4F-FBD0E6ABCDE8}.Release|Win32.ActiveCfg = Release|Win32
		{E6A7C37A-24D3-49D3-AF4F-FBD0E6ABCDE8}.Release|Win32.Build.0 = Release|Win32
		{E6A7C37A-24D3-49D3-AF4F-FBD0E6ABCDE8}.Release|x64.ActiveCfg = Release|x64
		{E6A7C37A-24D3-49D3-AF4F-FBD0E6ABCDE8}.Release|x64.Build.0 = Release|x64
		{F4620A73-4245-4AA7-9666-9284BBCD9A27}.Debug Controller|Any CPU.ActiveCfg = Debug|Any CPU
		{F4620A73-4245-4AA7-9666-9284BBCD9A27}.Debug Controller|Any CPU.Build.0 = Debug|Any CPU
		{F4620A73-4245-4AA7-9666-9284BBCD9A27}.Debug Controller|Mixed Platforms.ActiveCfg = Debug|Any CPU
		{F4620A73-4245-4AA7-9666-9284BBCD9A27}.Debug Controller|Mixed Platforms.Build.0 = Debug|Any CPU
		{F4620A73-4245-4AA7-9666-9284BBCD9A27}.Debug Controller|Win32.ActiveCfg = Debug|Any CPU
		{F4620A73-4245-4AA7-9666-9284BBCD9A27}.Debug Controller|x64.ActiveCfg = Debug|Any CPU
		{F4620A73-4245-4AA7-9666-9284BBCD9A27}.Debug Controller|x64.Build.0 = Debug|Any CPU
		{F4620A73-4245-4AA7-9666-9284BBCD9A27}.Debug Player|Any CPU.ActiveCfg = Debug|Any CPU
		{F4620A73-4245-4AA7-9666-9284BBCD9A27}.Debug Player|Mixed Platforms.ActiveCfg = Debug|Any CPU
		{F4620A73-4245-4AA7-9666-9284BBCD9A27}.Debug Player|Win32.ActiveCfg = Debug|Any CPU
		{F4620A73-4245-4AA7-9666-9284BBCD9A27}.Debug Player|x64.ActiveCfg = Debug|Any CPU
		{F4620A73-4245-4AA7-9666-9284BBCD9A27}.Debug|Any CPU.ActiveCfg = Debug|Any CPU
		{F4620A73-4245-4AA7-9666-9284BBCD9A27}.Debug|Any CPU.Build.0 = Debug|Any CPU
		{F4620A73-4245-4AA7-9666-9284BBCD9A27}.Debug|Mixed Platforms.ActiveCfg = Debug|Any CPU
		{F4620A73-4245-4AA7-9666-9284BBCD9A27}.Debug|Mixed Platforms.Build.0 = Debug|Any CPU
		{F4620A73-4245-4AA7-9666-9284BBCD9A27}.Debug|Win32.ActiveCfg = Debug|Any CPU
		{F4620A73-4245-4AA7-9666-9284BBCD9A27}.Debug|x64.ActiveCfg = Debug|Any CPU
		{F4620A73-4245-4AA7-9666-9284BBCD9A27}.Release Controller|Any CPU.ActiveCfg = Release|Any CPU
		{F4620A73-4245-4AA7-9666-9284BBCD9A27}.Release Controller|Any CPU.Build.0 = Release|Any CPU
		{F4620A73-4245-4AA7-9666-9284BBCD9A27}.Release Controller|Mixed Platforms.ActiveCfg = Release|Any CPU
		{F4620A73-4245-4AA7-9666-9284BBCD9A27}.Release Controller|Mixed Platforms.Build.0 = Release|Any CPU
		{F4620A73-4245-4AA7-9666-9284BBCD9A27}.Release Controller|Win32.ActiveCfg = Release|Any CPU
		{F4620A73-4245-4AA7-9666-9284BBCD9A27}.Release Controller|x64.ActiveCfg = Release|Any CPU
		{F4620A73-4245-4AA7-9666-9284BBCD9A27}.Release Controller|x64.Build.0 = Release|Any CPU
		{F4620A73-4245-4AA7-9666-9284BBCD9A27}.Release Player|Any CPU.ActiveCfg = Release|Any CPU
		{F4620A73-4245-4AA7-9666-9284BBCD9A27}.Release Player|Mixed Platforms.ActiveCfg = Release|Any CPU
		{F4620A73-4245-4AA7-9666-9284BBCD9A27}.Release Player|Win32.ActiveCfg = Release|Any CPU
		{F4620A73-4245-4AA7-9666-9284BBCD9A27}.Release Player|x64.ActiveCfg = Release|Any CPU
		{F4620A73-4245-4AA7-9666-9284BBCD9A27}.Release|Any CPU.ActiveCfg = Release|Any CPU
		{F4620A73-4245-4AA7-9666-9284BBCD9A27}.Release|Any CPU.Build.0 = Release|Any CPU
		{F4620A73-4245-4AA7-9666-9284BBCD9A27}.Release|Mixed Platforms.ActiveCfg = Release|Any CPU
		{F4620A73-4245-4AA7-9666-9284BBCD9A27}.Release|Mixed Platforms.Build.0 = Release|Any CPU
		{F4620A73-4245-4AA7-9666-9284BBCD9A27}.Release|Win32.ActiveCfg = Release|Any CPU
		{F4620A73-4245-4AA7-9666-9284BBCD9A27}.Release|x64.ActiveCfg = Release|Any CPU
		{F082BBEE-4DCA-460B-80D6-2876C80A5F09}.Debug Controller|Any CPU.ActiveCfg = Debug|Any CPU
		{F082BBEE-4DCA-460B-80D6-2876C80A5F09}.Debug Controller|Any CPU.Build.0 = Debug|Any CPU
		{F082BBEE-4DCA-460B-80D6-2876C80A5F09}.Debug Controller|Mixed Platforms.ActiveCfg = Debug|Any CPU
		{F082BBEE-4DCA-460B-80D6-2876C80A5F09}.Debug Controller|Mixed Platforms.Build.0 = Debug|Any CPU
		{F082BBEE-4DCA-460B-80D6-2876C80A5F09}.Debug Controller|Win32.ActiveCfg = Debug|Any CPU
		{F082BBEE-4DCA-460B-80D6-2876C80A5F09}.Debug Controller|x64.ActiveCfg = Debug|Any CPU
		{F082BBEE-4DCA-460B-80D6-2876C80A5F09}.Debug Player|Any CPU.ActiveCfg = Debug|Any CPU
		{F082BBEE-4DCA-460B-80D6-2876C80A5F09}.Debug Player|Any CPU.Build.0 = Debug|Any CPU
		{F082BBEE-4DCA-460B-80D6-2876C80A5F09}.Debug Player|Mixed Platforms.ActiveCfg = Debug|Any CPU
		{F082BBEE-4DCA-460B-80D6-2876C80A5F09}.Debug Player|Mixed Platforms.Build.0 = Debug|Any CPU
		{F082BBEE-4DCA-460B-80D6-2876C80A5F09}.Debug Player|Win32.ActiveCfg = Debug|Any CPU
		{F082BBEE-4DCA-460B-80D6-2876C80A5F09}.Debug Player|x64.ActiveCfg = Debug|Any CPU
		{F082BBEE-4DCA-460B-80D6-2876C80A5F09}.Debug|Any CPU.ActiveCfg = Debug|Any CPU
		{F082BBEE-4DCA-460B-80D6-2876C80A5F09}.Debug|Any CPU.Build.0 = Debug|Any CPU
		{F082BBEE-4DCA-460B-80D6-2876C80A5F09}.Debug|Mixed Platforms.ActiveCfg = Debug|Any CPU
		{F082BBEE-4DCA-460B-80D6-2876C80A5F09}.Debug|Mixed Platforms.Build.0 = Debug|Any CPU
		{F082BBEE-4DCA-460B-80D6-2876C80A5F09}.Debug|Win32.ActiveCfg = Debug|Any CPU
		{F082BBEE-4DCA-460B-80D6-2876C80A5F09}.Debug|x64.ActiveCfg = Debug|Any CPU
		{F082BBEE-4DCA-460B-80D6-2876C80A5F09}.Release Controller|Any CPU.ActiveCfg = Release|Any CPU
		{F082BBEE-4DCA-460B-80D6-2876C80A5F09}.Release Controller|Any CPU.Build.0 = Release|Any CPU
		{F082BBEE-4DCA-460B-80D6-2876C80A5F09}.Release Controller|Mixed Platforms.ActiveCfg = Release|Any CPU
		{F082BBEE-4DCA-460B-80D6-2876C80A5F09}.Release Controller|Mixed Platforms.Build.0 = Release|Any CPU
		{F082BBEE-4DCA-460B-80D6-2876C80A5F09}.Release Controller|Win32.ActiveCfg = Release|Any CPU
		{F082BBEE-4DCA-460B-80D6-2876C80A5F09}.Release Controller|x64.ActiveCfg = Release|Any CPU
		{F082BBEE-4DCA-460B-80D6-2876C80A5F09}.Release Player|Any CPU.ActiveCfg = Release|Any CPU
		{F082BBEE-4DCA-460B-80D6-2876C80A5F09}.Release Player|Any CPU.Build.0 = Release|Any CPU
		{F082BBEE-4DCA-460B-80D6-2876C80A5F09}.Release Player|Mixed Platforms.ActiveCfg = Release|Any CPU
		{F082BBEE-4DCA-460B-80D6-2876C80A5F09}.Release Player|Mixed Platforms.Build.0 = Release|Any CPU
		{F082BBEE-4DCA-460B-80D6-2876C80A5F09}.Release Player|Win32.ActiveCfg = Release|Any CPU
		{F082BBEE-4DCA-460B-80D6-2876C80A5F09}.Release Player|x64.ActiveCfg = Release|Any CPU
		{F082BBEE-4DCA-460B-80D6-2876C80A5F09}.Release|Any CPU.ActiveCfg = Release|Any CPU
		{F082BBEE-4DCA-460B-80D6-2876C80A5F09}.Release|Any CPU.Build.0 = Release|Any CPU
		{F082BBEE-4DCA-460B-80D6-2876C80A5F09}.Release|Mixed Platforms.ActiveCfg = Release|Any CPU
		{F082BBEE-4DCA-460B-80D6-2876C80A5F09}.Release|Mixed Platforms.Build.0 = Release|Any CPU
		{F082BBEE-4DCA-460B-80D6-2876C80A5F09}.Release|Win32.ActiveCfg = Release|Any CPU
		{F082BBEE-4DCA-460B-80D6-2876C80A5F09}.Release|x64.ActiveCfg = Release|Any CPU
	EndGlobalSection
	GlobalSection(SolutionProperties) = preSolution
		HideSolutionNode = FALSE
	EndGlobalSection
EndGlobal
